
Microsoft Visual Studio Solution File, Format Version 12.00
# Visual Studio Version 16
VisualStudioVersion = 16.0.29827.131
MinimumVisualStudioVersion = 10.0.40219.1
Project("{FAE04EC0-301F-11D3-BF4B-00C04F79EFBC}") = "VemDoBem.Api", "VemDoBem.Api.csproj", "{C445B74F-C96C-4964-98F5-6AF1A422479A}"
EndProject
Global
	GlobalSection(SolutionConfigurationPlatforms) = preSolution
		Debug|Any CPU = Debug|Any CPU
		Release|Any CPU = Release|Any CPU
	EndGlobalSection
	GlobalSection(ProjectConfigurationPlatforms) = postSolution
		{C445B74F-C96C-4964-98F5-6AF1A422479A}.Debug|Any CPU.ActiveCfg = Debug|Any CPU
		{C445B74F-C96C-4964-98F5-6AF1A422479A}.Debug|Any CPU.Build.0 = Debug|Any CPU
		{C445B74F-C96C-4964-98F5-6AF1A422479A}.Release|Any CPU.ActiveCfg = Release|Any CPU
		{C445B74F-C96C-4964-98F5-6AF1A422479A}.Release|Any CPU.Build.0 = Release|Any CPU
	EndGlobalSection
	GlobalSection(SolutionProperties) = preSolution
		HideSolutionNode = FALSE
	EndGlobalSection
	GlobalSection(ExtensibilityGlobals) = postSolution
		SolutionGuid = {F34900B0-B7A3-4A5A-9151-1550BA1590C4}
	EndGlobalSection
EndGlobal
