
Microsoft Visual Studio Solution File, Format Version 12.00
# Visual Studio Version 16
VisualStudioVersion = 16.0.29827.131
MinimumVisualStudioVersion = 10.0.40219.1
Project("{2150E333-8FDC-42A3-9474-1A3956D46DE8}") = "Nucleo", "Nucleo", "{FD354DFF-B314-4D9D-A41F-7B93FE19CC2E}"
EndProject
Project("{2150E333-8FDC-42A3-9474-1A3956D46DE8}") = "Api", "Api", "{596C7BC4-9CA2-4E47-8FB1-99C78057C755}"
EndProject
Project("{2150E333-8FDC-42A3-9474-1A3956D46DE8}") = "Tests", "Tests", "{7C7DC225-C902-4C96-B247-A739EC16E701}"
EndProject
Project("{9A19103F-16F7-4668-BE54-9A1E7A4F7556}") = "VemDoBem.Api", "VemDoBem.Api\VemDoBem.Api.csproj", "{2163F6F7-F101-4CAF-86DF-4C7445D546CA}"
EndProject
Project("{9A19103F-16F7-4668-BE54-9A1E7A4F7556}") = "VemDoBem.Domain", "VemDoBem.Domain\VemDoBem.Domain.csproj", "{183A180D-24CD-4737-880E-FD8490CDBE2D}"
EndProject
Project("{9A19103F-16F7-4668-BE54-9A1E7A4F7556}") = "VemDoBem.Infra", "VemDoBem.Infra\VemDoBem.Infra.csproj", "{466E3ED0-908A-472A-AB0A-1F2B69AFABB0}"
EndProject
Project("{9A19103F-16F7-4668-BE54-9A1E7A4F7556}") = "VemDoBem.Testes", "VemDoBem.Testes\VemDoBem.Testes.csproj", "{E4FA7811-F027-4947-80A1-C5280F357EDA}"
EndProject
Project("{E53339B2-1760-4266-BCC7-CA923CBCF16C}") = "docker-compose", "docker-compose.dcproj", "{736734C9-4249-4614-AC47-3C68A135318B}"
EndProject
Global
	GlobalSection(SolutionConfigurationPlatforms) = preSolution
		Debug|Any CPU = Debug|Any CPU
		Release|Any CPU = Release|Any CPU
	EndGlobalSection
	GlobalSection(ProjectConfigurationPlatforms) = postSolution
		{2163F6F7-F101-4CAF-86DF-4C7445D546CA}.Debug|Any CPU.ActiveCfg = Debug|Any CPU
		{2163F6F7-F101-4CAF-86DF-4C7445D546CA}.Debug|Any CPU.Build.0 = Debug|Any CPU
		{2163F6F7-F101-4CAF-86DF-4C7445D546CA}.Release|Any CPU.ActiveCfg = Release|Any CPU
		{2163F6F7-F101-4CAF-86DF-4C7445D546CA}.Release|Any CPU.Build.0 = Release|Any CPU
		{183A180D-24CD-4737-880E-FD8490CDBE2D}.Debug|Any CPU.ActiveCfg = Debug|Any CPU
		{183A180D-24CD-4737-880E-FD8490CDBE2D}.Debug|Any CPU.Build.0 = Debug|Any CPU
		{183A180D-24CD-4737-880E-FD8490CDBE2D}.Release|Any CPU.ActiveCfg = Release|Any CPU
		{183A180D-24CD-4737-880E-FD8490CDBE2D}.Release|Any CPU.Build.0 = Release|Any CPU
		{466E3ED0-908A-472A-AB0A-1F2B69AFABB0}.Debug|Any CPU.ActiveCfg = Debug|Any CPU
		{466E3ED0-908A-472A-AB0A-1F2B69AFABB0}.Debug|Any CPU.Build.0 = Debug|Any CPU
		{466E3ED0-908A-472A-AB0A-1F2B69AFABB0}.Release|Any CPU.ActiveCfg = Release|Any CPU
		{466E3ED0-908A-472A-AB0A-1F2B69AFABB0}.Release|Any CPU.Build.0 = Release|Any CPU
		{E4FA7811-F027-4947-80A1-C5280F357EDA}.Debug|Any CPU.ActiveCfg = Debug|Any CPU
		{E4FA7811-F027-4947-80A1-C5280F357EDA}.Debug|Any CPU.Build.0 = Debug|Any CPU
		{E4FA7811-F027-4947-80A1-C5280F357EDA}.Release|Any CPU.ActiveCfg = Release|Any CPU
		{E4FA7811-F027-4947-80A1-C5280F357EDA}.Release|Any CPU.Build.0 = Release|Any CPU
		{736734C9-4249-4614-AC47-3C68A135318B}.Debug|Any CPU.ActiveCfg = Debug|Any CPU
		{736734C9-4249-4614-AC47-3C68A135318B}.Debug|Any CPU.Build.0 = Debug|Any CPU
		{736734C9-4249-4614-AC47-3C68A135318B}.Release|Any CPU.ActiveCfg = Release|Any CPU
		{736734C9-4249-4614-AC47-3C68A135318B}.Release|Any CPU.Build.0 = Release|Any CPU
	EndGlobalSection
	GlobalSection(SolutionProperties) = preSolution
		HideSolutionNode = FALSE
	EndGlobalSection
	GlobalSection(NestedProjects) = preSolution
		{2163F6F7-F101-4CAF-86DF-4C7445D546CA} = {596C7BC4-9CA2-4E47-8FB1-99C78057C755}
		{183A180D-24CD-4737-880E-FD8490CDBE2D} = {FD354DFF-B314-4D9D-A41F-7B93FE19CC2E}
		{466E3ED0-908A-472A-AB0A-1F2B69AFABB0} = {FD354DFF-B314-4D9D-A41F-7B93FE19CC2E}
		{E4FA7811-F027-4947-80A1-C5280F357EDA} = {7C7DC225-C902-4C96-B247-A739EC16E701}
	EndGlobalSection
	GlobalSection(ExtensibilityGlobals) = postSolution
		SolutionGuid = {F34900B0-B7A3-4A5A-9151-1550BA1590C4}
	EndGlobalSection
EndGlobal
